<?xml version="1.0" encoding="utf-8"?>
<Project ToolsVersion="4.0" xmlns="http://schemas.microsoft.com/developer/msbuild/2003">
  <ItemGroup>
    <Filter Include="Source Files">
      <UniqueIdentifier>{4FC737F1-C7A5-4376-A066-2A32D752A2FF}</UniqueIdentifier>
      <Extensions>cpp;c;cc;cxx;def;odl;idl;hpj;bat;asm;asmx</Extensions>
    </Filter>
    <Filter Include="Header Files">
      <UniqueIdentifier>{93995380-89BD-4b04-88EB-625FBE52EBFB}</UniqueIdentifier>
      <Extensions>h;hh;hpp;hxx;hm;inl;inc;xsd</Extensions>
    </Filter>
    <Filter Include="Resource Files">
      <UniqueIdentifier>{67DA6AB6-F800-4c08-8B7A-83BB121AAD01}</UniqueIdentifier>
      <Extensions>rc;ico;cur;bmp;dlg;rc2;rct;bin;rgs;gif;jpg;jpeg;jpe;resx;tiff;tif;png;wav;mfcribbon-ms</Extensions>
    </Filter>
  </ItemGroup>
  <ItemGroup>
    <ClCompile Include="p442_codedevgood01_t.cpp">
      <Filter>Source Files</Filter>
    </ClCompile>
    <ClCompile Include="p450_funcstrlen01.cpp">
      <Filter>Source Files</Filter>
    </ClCompile>
    <ClCompile Include="p452_test.cpp">
      <Filter>Source Files</Filter>
    </ClCompile>
    <ClCompile Include="p453_badfunction01.cpp">
      <Filter>Source Files</Filter>
    </ClCompile>
    <ClCompile Include="p477_funcrecstring01.cpp">
      <Filter>Source Files</Filter>
    </ClCompile>
    <ClCompile Include="p481_test_t.cpp">
      <Filter>Source Files</Filter>
    </ClCompile>
    <ClCompile Include="p482_funcstrcat01.cpp">
      <Filter>Source Files</Filter>
    </ClCompile>
    <ClCompile Include="p487_funcstrcat04.cpp">
      <Filter>Source Files</Filter>
    </ClCompile>
    <ClCompile Include="p490_funcstrpbrk01.cpp">
      <Filter>Source Files</Filter>
    </ClCompile>
    <ClCompile Include="p492_funcstrtok01.cpp">
      <Filter>Source Files</Filter>
    </ClCompile>
    <ClCompile Include="p495_unicode01.cpp">
      <Filter>Source Files</Filter>
    </ClCompile>
    <ClCompile Include="p497_unicode02.cpp">
      <Filter>Source Files</Filter>
    </ClCompile>
    <ClCompile Include="p504_funcutil03.cpp">
      <Filter>Source Files</Filter>
    </ClCompile>
    <ClCompile Include="p506_funcutil04.cpp">
      <Filter>Source Files</Filter>
    </ClCompile>
    <ClCompile Include="p508_funcutil05.cpp">
      <Filter>Source Files</Filter>
    </ClCompile>
    <ClCompile Include="p509_funcutil06.cpp">
      <Filter>Source Files</Filter>
    </ClCompile>
    <ClCompile Include="p509_takeNote_t.cpp">
      <Filter>Source Files</Filter>
    </ClCompile>
    <ClCompile Include="p509_test_t_inputPrint.cpp">
      <Filter>Source Files</Filter>
    </ClCompile>
    <ClCompile Include="p509_test_t_inputPrint02.cpp">
      <Filter>Source Files</Filter>
    </ClCompile>
    <ClCompile Include="p509_test_t_inputPrintChar.cpp">
      <Filter>Source Files</Filter>
    </ClCompile>
  </ItemGroup>
</Project>