<?xml version="1.0" encoding="utf-8"?>
<Project ToolsVersion="4.0" xmlns="http://schemas.microsoft.com/developer/msbuild/2003">
  <ItemGroup>
    <ClInclude Include="stdafx.h" />
    <ClInclude Include="Main.h" />
    <ClInclude Include="Export.h" />
    <ClInclude Include="Assimp\Loader.h">
      <Filter>Assimp</Filter>
    </ClInclude>
    <ClInclude Include="Assimp\Type.h">
      <Filter>Assimp</Filter>
    </ClInclude>
    <ClInclude Include="RenderModel.h" />
  </ItemGroup>
  <ItemGroup>
    <ClCompile Include="Main.cpp" />
    <ClCompile Include="Export.cpp" />
    <ClCompile Include="Assimp\Loader.cpp">
      <Filter>Assimp</Filter>
    </ClCompile>
    <ClCompile Include="RenderModel.cpp" />
  </ItemGroup>
  <ItemGroup>
    <Filter Include="Assimp">
      <UniqueIdentifier>{34055d2c-e535-47cf-8d2c-537c60ccc137}</UniqueIdentifier>
    </Filter>
  </ItemGroup>
</Project>