
Microsoft Visual Studio Solution File, Format Version 12.00
# Visual Studio 15
Project("{FAE04EC0-301F-11D3-BF4B-00C04F79EFBC}") = "Assembly-CSharp", "Assembly-CSharp.csproj", "{986CCA8F-68DF-BC31-C9D7-2960B92EC491}"
EndProject
Project("{FAE04EC0-301F-11D3-BF4B-00C04F79EFBC}") = "Assembly-CSharp-Editor", "Assembly-CSharp-Editor.csproj", "{122BF661-BDC5-D9B9-2A37-1ED118CEC88B}"
EndProject
Global
	GlobalSection(SolutionConfigurationPlatforms) = preSolution
		Debug|Any CPU = Debug|Any CPU
		Release|Any CPU = Release|Any CPU
	EndGlobalSection
	GlobalSection(ProjectConfigurationPlatforms) = postSolution
		{986CCA8F-68DF-BC31-C9D7-2960B92EC491}.Debug|Any CPU.ActiveCfg = Debug|Any CPU
		{986CCA8F-68DF-BC31-C9D7-2960B92EC491}.Debug|Any CPU.Build.0 = Debug|Any CPU
		{986CCA8F-68DF-BC31-C9D7-2960B92EC491}.Release|Any CPU.ActiveCfg = Release|Any CPU
		{986CCA8F-68DF-BC31-C9D7-2960B92EC491}.Release|Any CPU.Build.0 = Release|Any CPU
		{122BF661-BDC5-D9B9-2A37-1ED118CEC88B}.Debug|Any CPU.ActiveCfg = Debug|Any CPU
		{122BF661-BDC5-D9B9-2A37-1ED118CEC88B}.Debug|Any CPU.Build.0 = Debug|Any CPU
		{122BF661-BDC5-D9B9-2A37-1ED118CEC88B}.Release|Any CPU.ActiveCfg = Release|Any CPU
		{122BF661-BDC5-D9B9-2A37-1ED118CEC88B}.Release|Any CPU.Build.0 = Release|Any CPU
	EndGlobalSection
	GlobalSection(SolutionProperties) = preSolution
		HideSolutionNode = FALSE
	EndGlobalSection
EndGlobal
