
Microsoft Visual Studio Solution File, Format Version 12.00
# Visual Studio 14
VisualStudioVersion = 14.0.25420.1
MinimumVisualStudioVersion = 10.0.40219.1
Project("{8BC9CEB8-8B4A-11D0-8D11-00A0C91BC942}") = "ch17_Input_Output_File_problem", "ch17_Input_Output_File_problem\ch17_Input_Output_File_problem.vcxproj", "{71B581E6-E8A7-4D2A-847A-9A8A0DAB741D}"
EndProject
Global
	GlobalSection(SolutionConfigurationPlatforms) = preSolution
		Debug|x64 = Debug|x64
		Debug|x86 = Debug|x86
		Release|x64 = Release|x64
		Release|x86 = Release|x86
	EndGlobalSection
	GlobalSection(ProjectConfigurationPlatforms) = postSolution
		{71B581E6-E8A7-4D2A-847A-9A8A0DAB741D}.Debug|x64.ActiveCfg = Debug|x64
		{71B581E6-E8A7-4D2A-847A-9A8A0DAB741D}.Debug|x64.Build.0 = Debug|x64
		{71B581E6-E8A7-4D2A-847A-9A8A0DAB741D}.Debug|x86.ActiveCfg = Debug|Win32
		{71B581E6-E8A7-4D2A-847A-9A8A0DAB741D}.Debug|x86.Build.0 = Debug|Win32
		{71B581E6-E8A7-4D2A-847A-9A8A0DAB741D}.Release|x64.ActiveCfg = Release|x64
		{71B581E6-E8A7-4D2A-847A-9A8A0DAB741D}.Release|x64.Build.0 = Release|x64
		{71B581E6-E8A7-4D2A-847A-9A8A0DAB741D}.Release|x86.ActiveCfg = Release|Win32
		{71B581E6-E8A7-4D2A-847A-9A8A0DAB741D}.Release|x86.Build.0 = Release|Win32
	EndGlobalSection
	GlobalSection(SolutionProperties) = preSolution
		HideSolutionNode = FALSE
	EndGlobalSection
EndGlobal
