
Microsoft Visual Studio Solution File, Format Version 12.00
# Visual Studio 15
Project("{FAE04EC0-301F-11D3-BF4B-00C04F79EFBC}") = "Assembly-CSharp", "Assembly-CSharp.csproj", "{193370A0-0AB0-A0D8-1468-AF3A7AB3BAAF}"
EndProject
Global
	GlobalSection(SolutionConfigurationPlatforms) = preSolution
		Debug|Any CPU = Debug|Any CPU
		Release|Any CPU = Release|Any CPU
	EndGlobalSection
	GlobalSection(ProjectConfigurationPlatforms) = postSolution
		{193370A0-0AB0-A0D8-1468-AF3A7AB3BAAF}.Debug|Any CPU.ActiveCfg = Debug|Any CPU
		{193370A0-0AB0-A0D8-1468-AF3A7AB3BAAF}.Debug|Any CPU.Build.0 = Debug|Any CPU
		{193370A0-0AB0-A0D8-1468-AF3A7AB3BAAF}.Release|Any CPU.ActiveCfg = Release|Any CPU
		{193370A0-0AB0-A0D8-1468-AF3A7AB3BAAF}.Release|Any CPU.Build.0 = Release|Any CPU
	EndGlobalSection
	GlobalSection(SolutionProperties) = preSolution
		HideSolutionNode = FALSE
	EndGlobalSection
EndGlobal
