<?xml version="1.0" encoding="utf-8"?>
<Project ToolsVersion="4.0" xmlns="http://schemas.microsoft.com/developer/msbuild/2003">
  <ItemGroup>
    <Filter Include="Source Files">
      <UniqueIdentifier>{4FC737F1-C7A5-4376-A066-2A32D752A2FF}</UniqueIdentifier>
      <Extensions>cpp;c;cc;cxx;def;odl;idl;hpj;bat;asm;asmx</Extensions>
    </Filter>
    <Filter Include="Header Files">
      <UniqueIdentifier>{93995380-89BD-4b04-88EB-625FBE52EBFB}</UniqueIdentifier>
      <Extensions>h;hh;hpp;hxx;hm;inl;inc;xsd</Extensions>
    </Filter>
    <Filter Include="Resource Files">
      <UniqueIdentifier>{67DA6AB6-F800-4c08-8B7A-83BB121AAD01}</UniqueIdentifier>
      <Extensions>rc;ico;cur;bmp;dlg;rc2;rct;bin;rgs;gif;jpg;jpeg;jpe;resx;tiff;tif;png;wav;mfcribbon-ms</Extensions>
    </Filter>
    <Filter Include="01. Singleton">
      <UniqueIdentifier>{53061824-9051-496d-9785-cf12dcd0b6a8}</UniqueIdentifier>
    </Filter>
    <Filter Include="02. Mediator">
      <UniqueIdentifier>{bb9df74d-38a7-40eb-b0ea-4005712e673a}</UniqueIdentifier>
    </Filter>
    <Filter Include="03. Observer">
      <UniqueIdentifier>{a83303ea-945c-47f9-a84e-87b3c0d478a7}</UniqueIdentifier>
    </Filter>
  </ItemGroup>
  <ItemGroup>
    <ClCompile Include="main.cpp">
      <Filter>Source Files</Filter>
    </ClCompile>
    <ClCompile Include="SingletonObj.cpp">
      <Filter>01. Singleton</Filter>
    </ClCompile>
    <ClCompile Include="ConcreteMediator.cpp">
      <Filter>02. Mediator</Filter>
    </ClCompile>
  </ItemGroup>
  <ItemGroup>
    <ClInclude Include="Singleton.h">
      <Filter>01. Singleton</Filter>
    </ClInclude>
    <ClInclude Include="SingletonObj.h">
      <Filter>01. Singleton</Filter>
    </ClInclude>
    <ClInclude Include="IMediator.h">
      <Filter>02. Mediator</Filter>
    </ClInclude>
    <ClInclude Include="ICollegue.h">
      <Filter>02. Mediator</Filter>
    </ClInclude>
    <ClInclude Include="ConcreteMediator.h">
      <Filter>02. Mediator</Filter>
    </ClInclude>
    <ClInclude Include="Collegue.h">
      <Filter>02. Mediator</Filter>
    </ClInclude>
    <ClInclude Include="Observer.h">
      <Filter>03. Observer</Filter>
    </ClInclude>
    <ClInclude Include="Observer2.h">
      <Filter>03. Observer</Filter>
    </ClInclude>
  </ItemGroup>
</Project>